
Microsoft Visual Studio Solution File, Format Version 12.00
# Visual Studio Version 17
VisualStudioVersion = 17.12.35707.178
MinimumVisualStudioVersion = 10.0.40219.1
Project("{FAE04EC0-301F-11D3-BF4B-00C04F79EFBC}") = "Khabri", "Khabri\Khabri.csproj", "{33D7460B-2033-40C1-836E-6EA342BE52CA}"
EndProject
Project("{FAE04EC0-301F-11D3-BF4B-00C04F79EFBC}") = "Data", "Data\Data.csproj", "{17D030ED-F686-4305-9EC4-31958F45CBD1}"
EndProject
Project("{FAE04EC0-301F-11D3-BF4B-00C04F79EFBC}") = "Service", "Service\Service.csproj", "{E6EA414A-FBFE-4A54-9BD3-5863B0FFE02C}"
EndProject
Project("{FAE04EC0-301F-11D3-BF4B-00C04F79EFBC}") = "Common", "Common\Common.csproj", "{23AD1BA4-6BFA-4FA5-B161-E3D41D8F4161}"
EndProject
Project("{FAE04EC0-301F-11D3-BF4B-00C04F79EFBC}") = "UnitTest", "UnitTest\UnitTest.csproj", "{DE44AF64-39FD-418F-BA95-98A3CD0EBE81}"
EndProject
Project("{2150E333-8FDC-42A3-9474-1A3956D46DE8}") = "Docs", "Docs", "{05919677-1FB4-47A8-934F-29A8927F5EFA}"
	ProjectSection(SolutionItems) = preProject
		..\..\..\Downloads\ClassDiagram.drawio = ..\..\..\Downloads\ClassDiagram.drawio
		..\..\..\Pictures\Screenshots\ERDiagram.png = ..\..\..\Pictures\Screenshots\ERDiagram.png
		..\..\..\Downloads\ClassDiagram.png = ..\..\..\Downloads\ClassDiagram.png
		Swagger.json = Swagger.json
		..\..\..\Downloads\UsecaseDiagram.drawio = ..\..\..\Downloads\UsecaseDiagram.drawio
		..\..\..\Downloads\UsecaseDiagram.png = ..\..\..\Downloads\UsecaseDiagram.png
	EndProjectSection
EndProject
Global
	GlobalSection(SolutionConfigurationPlatforms) = preSolution
		Debug|Any CPU = Debug|Any CPU
		Release|Any CPU = Release|Any CPU
	EndGlobalSection
	GlobalSection(ProjectConfigurationPlatforms) = postSolution
		{33D7460B-2033-40C1-836E-6EA342BE52CA}.Debug|Any CPU.ActiveCfg = Debug|Any CPU
		{33D7460B-2033-40C1-836E-6EA342BE52CA}.Debug|Any CPU.Build.0 = Debug|Any CPU
		{33D7460B-2033-40C1-836E-6EA342BE52CA}.Release|Any CPU.ActiveCfg = Release|Any CPU
		{33D7460B-2033-40C1-836E-6EA342BE52CA}.Release|Any CPU.Build.0 = Release|Any CPU
		{17D030ED-F686-4305-9EC4-31958F45CBD1}.Debug|Any CPU.ActiveCfg = Debug|Any CPU
		{17D030ED-F686-4305-9EC4-31958F45CBD1}.Debug|Any CPU.Build.0 = Debug|Any CPU
		{17D030ED-F686-4305-9EC4-31958F45CBD1}.Release|Any CPU.ActiveCfg = Release|Any CPU
		{17D030ED-F686-4305-9EC4-31958F45CBD1}.Release|Any CPU.Build.0 = Release|Any CPU
		{E6EA414A-FBFE-4A54-9BD3-5863B0FFE02C}.Debug|Any CPU.ActiveCfg = Debug|Any CPU
		{E6EA414A-FBFE-4A54-9BD3-5863B0FFE02C}.Debug|Any CPU.Build.0 = Debug|Any CPU
		{E6EA414A-FBFE-4A54-9BD3-5863B0FFE02C}.Release|Any CPU.ActiveCfg = Release|Any CPU
		{E6EA414A-FBFE-4A54-9BD3-5863B0FFE02C}.Release|Any CPU.Build.0 = Release|Any CPU
		{23AD1BA4-6BFA-4FA5-B161-E3D41D8F4161}.Debug|Any CPU.ActiveCfg = Debug|Any CPU
		{23AD1BA4-6BFA-4FA5-B161-E3D41D8F4161}.Debug|Any CPU.Build.0 = Debug|Any CPU
		{23AD1BA4-6BFA-4FA5-B161-E3D41D8F4161}.Release|Any CPU.ActiveCfg = Release|Any CPU
		{23AD1BA4-6BFA-4FA5-B161-E3D41D8F4161}.Release|Any CPU.Build.0 = Release|Any CPU
		{DE44AF64-39FD-418F-BA95-98A3CD0EBE81}.Debug|Any CPU.ActiveCfg = Debug|Any CPU
		{DE44AF64-39FD-418F-BA95-98A3CD0EBE81}.Debug|Any CPU.Build.0 = Debug|Any CPU
		{DE44AF64-39FD-418F-BA95-98A3CD0EBE81}.Release|Any CPU.ActiveCfg = Release|Any CPU
		{DE44AF64-39FD-418F-BA95-98A3CD0EBE81}.Release|Any CPU.Build.0 = Release|Any CPU
	EndGlobalSection
	GlobalSection(SolutionProperties) = preSolution
		HideSolutionNode = FALSE
	EndGlobalSection
EndGlobal
